
Microsoft Visual Studio Solution File, Format Version 12.00
# Visual Studio Version 16
VisualStudioVersion = 16.0.31205.134
MinimumVisualStudioVersion = 10.0.40219.1
Project("{9A19103F-16F7-4668-BE54-9A1E7A4F7556}") = "MISA.CukCuk.API", "MISA.CukCuk.API\MISA.CukCuk.API.csproj", "{517B8EAE-633F-4F65-BE16-AA036FBE0C87}"
EndProject
Project("{FAE04EC0-301F-11D3-BF4B-00C04F79EFBC}") = "MISA.Core", "MISA.Core\MISA.Core.csproj", "{E706D41B-A191-4BD4-9F79-68C4F10DED47}"
EndProject
Project("{FAE04EC0-301F-11D3-BF4B-00C04F79EFBC}") = "MISA.Infrastructure", "MISA.Infrastructure\MISA.Infrastructure.csproj", "{1E534051-5E12-43EC-9F00-7FEBC638F59B}"
EndProject
Global
	GlobalSection(SolutionConfigurationPlatforms) = preSolution
		Debug|Any CPU = Debug|Any CPU
		Release|Any CPU = Release|Any CPU
	EndGlobalSection
	GlobalSection(ProjectConfigurationPlatforms) = postSolution
		{517B8EAE-633F-4F65-BE16-AA036FBE0C87}.Debug|Any CPU.ActiveCfg = Debug|Any CPU
		{517B8EAE-633F-4F65-BE16-AA036FBE0C87}.Debug|Any CPU.Build.0 = Debug|Any CPU
		{517B8EAE-633F-4F65-BE16-AA036FBE0C87}.Release|Any CPU.ActiveCfg = Release|Any CPU
		{517B8EAE-633F-4F65-BE16-AA036FBE0C87}.Release|Any CPU.Build.0 = Release|Any CPU
		{E706D41B-A191-4BD4-9F79-68C4F10DED47}.Debug|Any CPU.ActiveCfg = Debug|Any CPU
		{E706D41B-A191-4BD4-9F79-68C4F10DED47}.Debug|Any CPU.Build.0 = Debug|Any CPU
		{E706D41B-A191-4BD4-9F79-68C4F10DED47}.Release|Any CPU.ActiveCfg = Release|Any CPU
		{E706D41B-A191-4BD4-9F79-68C4F10DED47}.Release|Any CPU.Build.0 = Release|Any CPU
		{1E534051-5E12-43EC-9F00-7FEBC638F59B}.Debug|Any CPU.ActiveCfg = Debug|Any CPU
		{1E534051-5E12-43EC-9F00-7FEBC638F59B}.Debug|Any CPU.Build.0 = Debug|Any CPU
		{1E534051-5E12-43EC-9F00-7FEBC638F59B}.Release|Any CPU.ActiveCfg = Release|Any CPU
		{1E534051-5E12-43EC-9F00-7FEBC638F59B}.Release|Any CPU.Build.0 = Release|Any CPU
	EndGlobalSection
	GlobalSection(SolutionProperties) = preSolution
		HideSolutionNode = FALSE
	EndGlobalSection
	GlobalSection(ExtensibilityGlobals) = postSolution
		SolutionGuid = {B6C76CF1-16DC-4947-9E5B-A8DA520293E7}
	EndGlobalSection
EndGlobal
